
Microsoft Visual Studio Solution File, Format Version 12.00
# Visual Studio Version 16
VisualStudioVersion = 16.0.30330.147
MinimumVisualStudioVersion = 10.0.40219.1
Project("{9A19103F-16F7-4668-BE54-9A1E7A4F7556}") = "SDClubs", "SDClubs\SDClubs.csproj", "{7A10C3AB-700E-4E7E-A67D-17D3706F104B}"
EndProject
Project("{9A19103F-16F7-4668-BE54-9A1E7A4F7556}") = "SDClassLibrary", "SDClassLibrary\SDClassLibrary.csproj", "{876904AC-E437-4AEF-A522-D4721FDE67E5}"
EndProject
Global
	GlobalSection(SolutionConfigurationPlatforms) = preSolution
		Debug|Any CPU = Debug|Any CPU
		Release|Any CPU = Release|Any CPU
	EndGlobalSection
	GlobalSection(ProjectConfigurationPlatforms) = postSolution
		{7A10C3AB-700E-4E7E-A67D-17D3706F104B}.Debug|Any CPU.ActiveCfg = Debug|Any CPU
		{7A10C3AB-700E-4E7E-A67D-17D3706F104B}.Debug|Any CPU.Build.0 = Debug|Any CPU
		{7A10C3AB-700E-4E7E-A67D-17D3706F104B}.Release|Any CPU.ActiveCfg = Release|Any CPU
		{7A10C3AB-700E-4E7E-A67D-17D3706F104B}.Release|Any CPU.Build.0 = Release|Any CPU
		{876904AC-E437-4AEF-A522-D4721FDE67E5}.Debug|Any CPU.ActiveCfg = Debug|Any CPU
		{876904AC-E437-4AEF-A522-D4721FDE67E5}.Debug|Any CPU.Build.0 = Debug|Any CPU
		{876904AC-E437-4AEF-A522-D4721FDE67E5}.Release|Any CPU.ActiveCfg = Release|Any CPU
		{876904AC-E437-4AEF-A522-D4721FDE67E5}.Release|Any CPU.Build.0 = Release|Any CPU
	EndGlobalSection
	GlobalSection(SolutionProperties) = preSolution
		HideSolutionNode = FALSE
	EndGlobalSection
	GlobalSection(ExtensibilityGlobals) = postSolution
		SolutionGuid = {E38A5A7B-1E79-46B4-A4D0-C8E0A415D6CD}
	EndGlobalSection
EndGlobal
